
Microsoft Visual Studio Solution File, Format Version 12.00
# Visual Studio Version 16
VisualStudioVersion = 16.0.29001.49
MinimumVisualStudioVersion = 10.0.40219.1
Project("{FAE04EC0-301F-11D3-BF4B-00C04F79EFBC}") = "MFSX.DllLoader", "MFSX.DllLoader\MFSX.DllLoader.csproj", "{921B73C5-B56F-47BE-9EA4-94C9B0399247}"
EndProject
Global
	GlobalSection(SolutionConfigurationPlatforms) = preSolution
		Debug|Any CPU = Debug|Any CPU
		Release|Any CPU = Release|Any CPU
	EndGlobalSection
	GlobalSection(ProjectConfigurationPlatforms) = postSolution
		{921B73C5-B56F-47BE-9EA4-94C9B0399247}.Debug|Any CPU.ActiveCfg = Debug|Any CPU
		{921B73C5-B56F-47BE-9EA4-94C9B0399247}.Debug|Any CPU.Build.0 = Debug|Any CPU
		{921B73C5-B56F-47BE-9EA4-94C9B0399247}.Release|Any CPU.ActiveCfg = Release|Any CPU
		{921B73C5-B56F-47BE-9EA4-94C9B0399247}.Release|Any CPU.Build.0 = Release|Any CPU
	EndGlobalSection
	GlobalSection(SolutionProperties) = preSolution
		HideSolutionNode = FALSE
	EndGlobalSection
	GlobalSection(ExtensibilityGlobals) = postSolution
		SolutionGuid = {01449701-B3DB-42CB-B797-5F754F7588E6}
	EndGlobalSection
EndGlobal
